
Microsoft Visual Studio Solution File, Format Version 12.00
Project("{FAE04EC0-301F-11D3-BF4B-00C04F79EFBC}") = "LaboDotNet", "LaboDotNet\LaboDotNet.csproj", "{2A4ABA2C-E2EA-41EF-891B-692310B736EF}"
EndProject
Global
	GlobalSection(SolutionConfigurationPlatforms) = preSolution
		Debug|Any CPU = Debug|Any CPU
		Release|Any CPU = Release|Any CPU
	EndGlobalSection
	GlobalSection(ProjectConfigurationPlatforms) = postSolution
		{2A4ABA2C-E2EA-41EF-891B-692310B736EF}.Debug|Any CPU.ActiveCfg = Debug|Any CPU
		{2A4ABA2C-E2EA-41EF-891B-692310B736EF}.Debug|Any CPU.Build.0 = Debug|Any CPU
		{2A4ABA2C-E2EA-41EF-891B-692310B736EF}.Release|Any CPU.ActiveCfg = Release|Any CPU
		{2A4ABA2C-E2EA-41EF-891B-692310B736EF}.Release|Any CPU.Build.0 = Release|Any CPU
	EndGlobalSection
EndGlobal
